
Microsoft Visual Studio Solution File, Format Version 11.00
# Visual Studio 2010
Project("{FAE04EC0-301F-11D3-BF4B-00C04F79EFBC}") = "VuforiaScripts", "VuforiaScripts.csproj", "{630581ED-CD2E-33B6-C5AA-D0C68068CFC9}"
EndProject
Project("{FAE04EC0-301F-11D3-BF4B-00C04F79EFBC}") = "Assembly-CSharp", "Assembly-CSharp.csproj", "{A2355548-5CCD-C0A0-D914-A4614F93B57F}"
EndProject
Project("{FAE04EC0-301F-11D3-BF4B-00C04F79EFBC}") = "Assembly-CSharp-Editor", "Assembly-CSharp-Editor.csproj", "{0CC7A61F-C520-D554-7B6D-C54D94029C5A}"
EndProject
Project("{FAE04EC0-301F-11D3-BF4B-00C04F79EFBC}") = "VuforiaEditorScripts", "VuforiaEditorScripts.csproj", "{2CFDBC45-D3A8-FA1E-F64A-DF7D065E5F80}"
EndProject
Global
	GlobalSection(SolutionConfigurationPlatforms) = preSolution
		Debug|Any CPU = Debug|Any CPU
		Release|Any CPU = Release|Any CPU
	EndGlobalSection
	GlobalSection(ProjectConfigurationPlatforms) = postSolution
		{630581ED-CD2E-33B6-C5AA-D0C68068CFC9}.Debug|Any CPU.ActiveCfg = Debug|Any CPU
		{630581ED-CD2E-33B6-C5AA-D0C68068CFC9}.Debug|Any CPU.Build.0 = Debug|Any CPU
		{630581ED-CD2E-33B6-C5AA-D0C68068CFC9}.Release|Any CPU.ActiveCfg = Release|Any CPU
		{630581ED-CD2E-33B6-C5AA-D0C68068CFC9}.Release|Any CPU.Build.0 = Release|Any CPU
		{A2355548-5CCD-C0A0-D914-A4614F93B57F}.Debug|Any CPU.ActiveCfg = Debug|Any CPU
		{A2355548-5CCD-C0A0-D914-A4614F93B57F}.Debug|Any CPU.Build.0 = Debug|Any CPU
		{A2355548-5CCD-C0A0-D914-A4614F93B57F}.Release|Any CPU.ActiveCfg = Release|Any CPU
		{A2355548-5CCD-C0A0-D914-A4614F93B57F}.Release|Any CPU.Build.0 = Release|Any CPU
		{0CC7A61F-C520-D554-7B6D-C54D94029C5A}.Debug|Any CPU.ActiveCfg = Debug|Any CPU
		{0CC7A61F-C520-D554-7B6D-C54D94029C5A}.Debug|Any CPU.Build.0 = Debug|Any CPU
		{0CC7A61F-C520-D554-7B6D-C54D94029C5A}.Release|Any CPU.ActiveCfg = Release|Any CPU
		{0CC7A61F-C520-D554-7B6D-C54D94029C5A}.Release|Any CPU.Build.0 = Release|Any CPU
		{2CFDBC45-D3A8-FA1E-F64A-DF7D065E5F80}.Debug|Any CPU.ActiveCfg = Debug|Any CPU
		{2CFDBC45-D3A8-FA1E-F64A-DF7D065E5F80}.Debug|Any CPU.Build.0 = Debug|Any CPU
		{2CFDBC45-D3A8-FA1E-F64A-DF7D065E5F80}.Release|Any CPU.ActiveCfg = Release|Any CPU
		{2CFDBC45-D3A8-FA1E-F64A-DF7D065E5F80}.Release|Any CPU.Build.0 = Release|Any CPU
	EndGlobalSection
	GlobalSection(SolutionProperties) = preSolution
		HideSolutionNode = FALSE
	EndGlobalSection
	GlobalSection(MonoDevelopProperties) = preSolution
		StartupItem = Assembly-CSharp.csproj
	EndGlobalSection
EndGlobal
